{
  "version": 4,
  "terraform_version": "1.3.4",
  "serial": 29,
  "lineage": "a08eb406-550e-ab10-43f0-b479f6a020a5",
  "outputs": {},
  "resources": [
    {
      "module": "module.my_vpc",
      "mode": "managed",
      "type": "aws_default_route_table",
      "name": "public_routetable",
      "provider": "module.my_vpc.provider[\"registry.terraform.io/hashicorp/aws\"]",
      "instances": [
        {
          "schema_version": 0,
          "attributes": {
            "arn": "arn:aws:ec2:eu-west-2:245182714656:route-table/rtb-00a0088260e591581",
            "default_route_table_id": "rtb-00a0088260e591581",
            "id": "rtb-00a0088260e591581",
            "owner_id": "245182714656",
            "propagating_vgws": null,
            "route": [
              {
                "cidr_block": "0.0.0.0/0",
                "core_network_arn": "",
                "destination_prefix_list_id": "",
                "egress_only_gateway_id": "",
                "gateway_id": "igw-0caaff27180b870d8",
                "instance_id": "",
                "ipv6_cidr_block": "",
                "nat_gateway_id": "",
                "network_interface_id": "",
                "transit_gateway_id": "",
                "vpc_endpoint_id": "",
                "vpc_peering_connection_id": ""
              }
            ],
            "tags": {
              "Name": "tesla.dev-public_routetable"
            },
            "tags_all": {
              "Name": "tesla.dev-public_routetable"
            },
            "timeouts": null,
            "vpc_id": "vpc-005c049aa132c51b3"
          },
          "sensitive_attributes": [],
          "private": "eyJlMmJmYjczMC1lY2FhLTExZTYtOGY4OC0zNDM2M2JjN2M0YzAiOnsiY3JlYXRlIjoxMjAwMDAwMDAwMDAsInVwZGF0ZSI6MTIwMDAwMDAwMDAwfX0=",
          "dependencies": [
            "module.my_vpc.aws_internet_gateway.gw",
            "module.my_vpc.aws_vpc.vpc"
          ]
        }
      ]
    },
    {
      "module": "module.my_vpc",
      "mode": "managed",
      "type": "aws_internet_gateway",
      "name": "gw",
      "provider": "module.my_vpc.provider[\"registry.terraform.io/hashicorp/aws\"]",
      "instances": [
        {
          "schema_version": 0,
          "attributes": {
            "arn": "arn:aws:ec2:eu-west-2:245182714656:internet-gateway/igw-0caaff27180b870d8",
            "id": "igw-0caaff27180b870d8",
            "owner_id": "245182714656",
            "tags": {
              "Name": "tesla.dev-igw"
            },
            "tags_all": {
              "Name": "tesla.dev-igw"
            },
            "timeouts": null,
            "vpc_id": "vpc-005c049aa132c51b3"
          },
          "sensitive_attributes": [],
          "private": "eyJlMmJmYjczMC1lY2FhLTExZTYtOGY4OC0zNDM2M2JjN2M0YzAiOnsiY3JlYXRlIjoxMjAwMDAwMDAwMDAwLCJkZWxldGUiOjEyMDAwMDAwMDAwMDAsInVwZGF0ZSI6MTIwMDAwMDAwMDAwMH19",
          "dependencies": [
            "module.my_vpc.aws_vpc.vpc"
          ]
        }
      ]
    },
    {
      "module": "module.my_vpc",
      "mode": "managed",
      "type": "aws_route_table",
      "name": "private_routetable",
      "provider": "module.my_vpc.provider[\"registry.terraform.io/hashicorp/aws\"]",
      "instances": [
        {
          "schema_version": 0,
          "attributes": {
            "arn": "arn:aws:ec2:eu-west-2:245182714656:route-table/rtb-062e377bd7ec613dd",
            "id": "rtb-062e377bd7ec613dd",
            "owner_id": "245182714656",
            "propagating_vgws": [],
            "route": [],
            "tags": {
              "Name": "tesla.dev-private_routetable"
            },
            "tags_all": {
              "Name": "tesla.dev-private_routetable"
            },
            "timeouts": null,
            "vpc_id": "vpc-005c049aa132c51b3"
          },
          "sensitive_attributes": [],
          "private": "eyJlMmJmYjczMC1lY2FhLTExZTYtOGY4OC0zNDM2M2JjN2M0YzAiOnsiY3JlYXRlIjozMDAwMDAwMDAwMDAsImRlbGV0ZSI6MzAwMDAwMDAwMDAwLCJ1cGRhdGUiOjEyMDAwMDAwMDAwMH19",
          "dependencies": [
            "module.my_vpc.aws_vpc.vpc"
          ]
        }
      ]
    },
    {
      "module": "module.my_vpc",
      "mode": "managed",
      "type": "aws_route_table_association",
      "name": "private_routetable_assoc",
      "provider": "module.my_vpc.provider[\"registry.terraform.io/hashicorp/aws\"]",
      "instances": [
        {
          "index_key": 0,
          "schema_version": 0,
          "attributes": {
            "gateway_id": "",
            "id": "rtbassoc-0bcf63f1370796845",
            "route_table_id": "rtb-062e377bd7ec613dd",
            "subnet_id": "subnet-025436753236acba6"
          },
          "sensitive_attributes": [],
          "private": "bnVsbA==",
          "dependencies": [
            "module.my_vpc.aws_route_table.private_routetable",
            "module.my_vpc.aws_subnet.private_subnets",
            "module.my_vpc.aws_vpc.vpc"
          ]
        },
        {
          "index_key": 1,
          "schema_version": 0,
          "attributes": {
            "gateway_id": "",
            "id": "rtbassoc-085b1a350c942f999",
            "route_table_id": "rtb-062e377bd7ec613dd",
            "subnet_id": "subnet-04f2fd0cda6ad5e19"
          },
          "sensitive_attributes": [],
          "private": "bnVsbA==",
          "dependencies": [
            "module.my_vpc.aws_route_table.private_routetable",
            "module.my_vpc.aws_subnet.private_subnets",
            "module.my_vpc.aws_vpc.vpc"
          ]
        },
        {
          "index_key": 2,
          "schema_version": 0,
          "attributes": {
            "gateway_id": "",
            "id": "rtbassoc-0825d98cdcd8d7cc6",
            "route_table_id": "rtb-062e377bd7ec613dd",
            "subnet_id": "subnet-06c13868ae6aebc4d"
          },
          "sensitive_attributes": [],
          "private": "bnVsbA==",
          "dependencies": [
            "module.my_vpc.aws_route_table.private_routetable",
            "module.my_vpc.aws_subnet.private_subnets",
            "module.my_vpc.aws_vpc.vpc"
          ]
        }
      ]
    },
    {
      "module": "module.my_vpc",
      "mode": "managed",
      "type": "aws_route_table_association",
      "name": "public_routetable_assoc",
      "provider": "module.my_vpc.provider[\"registry.terraform.io/hashicorp/aws\"]",
      "instances": [
        {
          "index_key": 0,
          "schema_version": 0,
          "attributes": {
            "gateway_id": "",
            "id": "rtbassoc-038e5643507937493",
            "route_table_id": "rtb-00a0088260e591581",
            "subnet_id": "subnet-0be2b7d1225f948ec"
          },
          "sensitive_attributes": [],
          "private": "bnVsbA==",
          "dependencies": [
            "module.my_vpc.aws_default_route_table.public_routetable",
            "module.my_vpc.aws_internet_gateway.gw",
            "module.my_vpc.aws_subnet.public_subnets",
            "module.my_vpc.aws_vpc.vpc"
          ]
        },
        {
          "index_key": 1,
          "schema_version": 0,
          "attributes": {
            "gateway_id": "",
            "id": "rtbassoc-0e5c28c1ed6b94f1e",
            "route_table_id": "rtb-00a0088260e591581",
            "subnet_id": "subnet-0ff2c9e751fa11a02"
          },
          "sensitive_attributes": [],
          "private": "bnVsbA==",
          "dependencies": [
            "module.my_vpc.aws_default_route_table.public_routetable",
            "module.my_vpc.aws_internet_gateway.gw",
            "module.my_vpc.aws_subnet.public_subnets",
            "module.my_vpc.aws_vpc.vpc"
          ]
        },
        {
          "index_key": 2,
          "schema_version": 0,
          "attributes": {
            "gateway_id": "",
            "id": "rtbassoc-0029bdac03dad6b2a",
            "route_table_id": "rtb-00a0088260e591581",
            "subnet_id": "subnet-0ea439f87d609033c"
          },
          "sensitive_attributes": [],
          "private": "bnVsbA==",
          "dependencies": [
            "module.my_vpc.aws_default_route_table.public_routetable",
            "module.my_vpc.aws_internet_gateway.gw",
            "module.my_vpc.aws_subnet.public_subnets",
            "module.my_vpc.aws_vpc.vpc"
          ]
        }
      ]
    },
    {
      "module": "module.my_vpc",
      "mode": "managed",
      "type": "aws_subnet",
      "name": "private_subnets",
      "provider": "module.my_vpc.provider[\"registry.terraform.io/hashicorp/aws\"]",
      "instances": [
        {
          "index_key": 0,
          "schema_version": 1,
          "attributes": {
            "arn": "arn:aws:ec2:eu-west-2:245182714656:subnet/subnet-025436753236acba6",
            "assign_ipv6_address_on_creation": false,
            "availability_zone": "eu-west-2c",
            "availability_zone_id": "euw2-az1",
            "cidr_block": "10.0.3.0/28",
            "customer_owned_ipv4_pool": "",
            "enable_dns64": false,
            "enable_resource_name_dns_a_record_on_launch": false,
            "enable_resource_name_dns_aaaa_record_on_launch": false,
            "id": "subnet-025436753236acba6",
            "ipv6_cidr_block": "",
            "ipv6_cidr_block_association_id": "",
            "ipv6_native": false,
            "map_customer_owned_ip_on_launch": false,
            "map_public_ip_on_launch": false,
            "outpost_arn": "",
            "owner_id": "245182714656",
            "private_dns_hostname_type_on_launch": "ip-name",
            "tags": {
              "Name": "tesla.dev-private _subnets.1"
            },
            "tags_all": {
              "Name": "tesla.dev-private _subnets.1"
            },
            "timeouts": null,
            "vpc_id": "vpc-005c049aa132c51b3"
          },
          "sensitive_attributes": [],
          "private": "eyJlMmJmYjczMC1lY2FhLTExZTYtOGY4OC0zNDM2M2JjN2M0YzAiOnsiY3JlYXRlIjo2MDAwMDAwMDAwMDAsImRlbGV0ZSI6MTIwMDAwMDAwMDAwMH0sInNjaGVtYV92ZXJzaW9uIjoiMSJ9",
          "dependencies": [
            "module.my_vpc.aws_vpc.vpc"
          ]
        },
        {
          "index_key": 1,
          "schema_version": 1,
          "attributes": {
            "arn": "arn:aws:ec2:eu-west-2:245182714656:subnet/subnet-04f2fd0cda6ad5e19",
            "assign_ipv6_address_on_creation": false,
            "availability_zone": "eu-west-2a",
            "availability_zone_id": "euw2-az2",
            "cidr_block": "10.0.4.0/28",
            "customer_owned_ipv4_pool": "",
            "enable_dns64": false,
            "enable_resource_name_dns_a_record_on_launch": false,
            "enable_resource_name_dns_aaaa_record_on_launch": false,
            "id": "subnet-04f2fd0cda6ad5e19",
            "ipv6_cidr_block": "",
            "ipv6_cidr_block_association_id": "",
            "ipv6_native": false,
            "map_customer_owned_ip_on_launch": false,
            "map_public_ip_on_launch": false,
            "outpost_arn": "",
            "owner_id": "245182714656",
            "private_dns_hostname_type_on_launch": "ip-name",
            "tags": {
              "Name": "tesla.dev-private _subnets.2"
            },
            "tags_all": {
              "Name": "tesla.dev-private _subnets.2"
            },
            "timeouts": null,
            "vpc_id": "vpc-005c049aa132c51b3"
          },
          "sensitive_attributes": [],
          "private": "eyJlMmJmYjczMC1lY2FhLTExZTYtOGY4OC0zNDM2M2JjN2M0YzAiOnsiY3JlYXRlIjo2MDAwMDAwMDAwMDAsImRlbGV0ZSI6MTIwMDAwMDAwMDAwMH0sInNjaGVtYV92ZXJzaW9uIjoiMSJ9",
          "dependencies": [
            "module.my_vpc.aws_vpc.vpc"
          ]
        },
        {
          "index_key": 2,
          "schema_version": 1,
          "attributes": {
            "arn": "arn:aws:ec2:eu-west-2:245182714656:subnet/subnet-06c13868ae6aebc4d",
            "assign_ipv6_address_on_creation": false,
            "availability_zone": "eu-west-2b",
            "availability_zone_id": "euw2-az3",
            "cidr_block": "10.0.6.0/28",
            "customer_owned_ipv4_pool": "",
            "enable_dns64": false,
            "enable_resource_name_dns_a_record_on_launch": false,
            "enable_resource_name_dns_aaaa_record_on_launch": false,
            "id": "subnet-06c13868ae6aebc4d",
            "ipv6_cidr_block": "",
            "ipv6_cidr_block_association_id": "",
            "ipv6_native": false,
            "map_customer_owned_ip_on_launch": false,
            "map_public_ip_on_launch": false,
            "outpost_arn": "",
            "owner_id": "245182714656",
            "private_dns_hostname_type_on_launch": "ip-name",
            "tags": {
              "Name": "tesla.dev-private _subnets.3"
            },
            "tags_all": {
              "Name": "tesla.dev-private _subnets.3"
            },
            "timeouts": null,
            "vpc_id": "vpc-005c049aa132c51b3"
          },
          "sensitive_attributes": [],
          "private": "eyJlMmJmYjczMC1lY2FhLTExZTYtOGY4OC0zNDM2M2JjN2M0YzAiOnsiY3JlYXRlIjo2MDAwMDAwMDAwMDAsImRlbGV0ZSI6MTIwMDAwMDAwMDAwMH0sInNjaGVtYV92ZXJzaW9uIjoiMSJ9",
          "dependencies": [
            "module.my_vpc.aws_vpc.vpc"
          ]
        }
      ]
    },
    {
      "module": "module.my_vpc",
      "mode": "managed",
      "type": "aws_subnet",
      "name": "public_subnets",
      "provider": "module.my_vpc.provider[\"registry.terraform.io/hashicorp/aws\"]",
      "instances": [
        {
          "index_key": 0,
          "schema_version": 1,
          "attributes": {
            "arn": "arn:aws:ec2:eu-west-2:245182714656:subnet/subnet-0be2b7d1225f948ec",
            "assign_ipv6_address_on_creation": false,
            "availability_zone": "eu-west-2a",
            "availability_zone_id": "euw2-az2",
            "cidr_block": "10.0.1.0/28",
            "customer_owned_ipv4_pool": "",
            "enable_dns64": false,
            "enable_resource_name_dns_a_record_on_launch": false,
            "enable_resource_name_dns_aaaa_record_on_launch": false,
            "id": "subnet-0be2b7d1225f948ec",
            "ipv6_cidr_block": "",
            "ipv6_cidr_block_association_id": "",
            "ipv6_native": false,
            "map_customer_owned_ip_on_launch": false,
            "map_public_ip_on_launch": false,
            "outpost_arn": "",
            "owner_id": "245182714656",
            "private_dns_hostname_type_on_launch": "ip-name",
            "tags": {
              "Name": "tesla.dev-public_subnets.1"
            },
            "tags_all": {
              "Name": "tesla.dev-public_subnets.1"
            },
            "timeouts": null,
            "vpc_id": "vpc-005c049aa132c51b3"
          },
          "sensitive_attributes": [],
          "private": "eyJlMmJmYjczMC1lY2FhLTExZTYtOGY4OC0zNDM2M2JjN2M0YzAiOnsiY3JlYXRlIjo2MDAwMDAwMDAwMDAsImRlbGV0ZSI6MTIwMDAwMDAwMDAwMH0sInNjaGVtYV92ZXJzaW9uIjoiMSJ9",
          "dependencies": [
            "module.my_vpc.aws_vpc.vpc"
          ]
        },
        {
          "index_key": 1,
          "schema_version": 1,
          "attributes": {
            "arn": "arn:aws:ec2:eu-west-2:245182714656:subnet/subnet-0ff2c9e751fa11a02",
            "assign_ipv6_address_on_creation": false,
            "availability_zone": "eu-west-2b",
            "availability_zone_id": "euw2-az3",
            "cidr_block": "10.0.2.0/28",
            "customer_owned_ipv4_pool": "",
            "enable_dns64": false,
            "enable_resource_name_dns_a_record_on_launch": false,
            "enable_resource_name_dns_aaaa_record_on_launch": false,
            "id": "subnet-0ff2c9e751fa11a02",
            "ipv6_cidr_block": "",
            "ipv6_cidr_block_association_id": "",
            "ipv6_native": false,
            "map_customer_owned_ip_on_launch": false,
            "map_public_ip_on_launch": false,
            "outpost_arn": "",
            "owner_id": "245182714656",
            "private_dns_hostname_type_on_launch": "ip-name",
            "tags": {
              "Name": "tesla.dev-public_subnets.2"
            },
            "tags_all": {
              "Name": "tesla.dev-public_subnets.2"
            },
            "timeouts": null,
            "vpc_id": "vpc-005c049aa132c51b3"
          },
          "sensitive_attributes": [],
          "private": "eyJlMmJmYjczMC1lY2FhLTExZTYtOGY4OC0zNDM2M2JjN2M0YzAiOnsiY3JlYXRlIjo2MDAwMDAwMDAwMDAsImRlbGV0ZSI6MTIwMDAwMDAwMDAwMH0sInNjaGVtYV92ZXJzaW9uIjoiMSJ9",
          "dependencies": [
            "module.my_vpc.aws_vpc.vpc"
          ]
        },
        {
          "index_key": 2,
          "schema_version": 1,
          "attributes": {
            "arn": "arn:aws:ec2:eu-west-2:245182714656:subnet/subnet-0ea439f87d609033c",
            "assign_ipv6_address_on_creation": false,
            "availability_zone": "eu-west-2c",
            "availability_zone_id": "euw2-az1",
            "cidr_block": "10.0.5.0/28",
            "customer_owned_ipv4_pool": "",
            "enable_dns64": false,
            "enable_resource_name_dns_a_record_on_launch": false,
            "enable_resource_name_dns_aaaa_record_on_launch": false,
            "id": "subnet-0ea439f87d609033c",
            "ipv6_cidr_block": "",
            "ipv6_cidr_block_association_id": "",
            "ipv6_native": false,
            "map_customer_owned_ip_on_launch": false,
            "map_public_ip_on_launch": false,
            "outpost_arn": "",
            "owner_id": "245182714656",
            "private_dns_hostname_type_on_launch": "ip-name",
            "tags": {
              "Name": "tesla.dev-public_subnets.3"
            },
            "tags_all": {
              "Name": "tesla.dev-public_subnets.3"
            },
            "timeouts": null,
            "vpc_id": "vpc-005c049aa132c51b3"
          },
          "sensitive_attributes": [],
          "private": "eyJlMmJmYjczMC1lY2FhLTExZTYtOGY4OC0zNDM2M2JjN2M0YzAiOnsiY3JlYXRlIjo2MDAwMDAwMDAwMDAsImRlbGV0ZSI6MTIwMDAwMDAwMDAwMH0sInNjaGVtYV92ZXJzaW9uIjoiMSJ9",
          "dependencies": [
            "module.my_vpc.aws_vpc.vpc"
          ]
        }
      ]
    },
    {
      "module": "module.my_vpc",
      "mode": "managed",
      "type": "aws_vpc",
      "name": "vpc",
      "provider": "module.my_vpc.provider[\"registry.terraform.io/hashicorp/aws\"]",
      "instances": [
        {
          "schema_version": 1,
          "attributes": {
            "arn": "arn:aws:ec2:eu-west-2:245182714656:vpc/vpc-005c049aa132c51b3",
            "assign_generated_ipv6_cidr_block": false,
            "cidr_block": "10.0.0.0/16",
            "default_network_acl_id": "acl-0424daa2da7118515",
            "default_route_table_id": "rtb-00a0088260e591581",
            "default_security_group_id": "sg-0a7002ec00bf5d590",
            "dhcp_options_id": "dopt-080aebb0cf4cdc354",
            "enable_classiclink": false,
            "enable_classiclink_dns_support": false,
            "enable_dns_hostnames": false,
            "enable_dns_support": true,
            "enable_network_address_usage_metrics": false,
            "id": "vpc-005c049aa132c51b3",
            "instance_tenancy": "default",
            "ipv4_ipam_pool_id": null,
            "ipv4_netmask_length": null,
            "ipv6_association_id": "",
            "ipv6_cidr_block": "",
            "ipv6_cidr_block_network_border_group": "",
            "ipv6_ipam_pool_id": "",
            "ipv6_netmask_length": 0,
            "main_route_table_id": "rtb-00a0088260e591581",
            "owner_id": "245182714656",
            "tags": {
              "Name": "tesla.dev-vpc"
            },
            "tags_all": {
              "Name": "tesla.dev-vpc"
            }
          },
          "sensitive_attributes": [],
          "private": "eyJzY2hlbWFfdmVyc2lvbiI6IjEifQ=="
        }
      ]
    },
    {
      "module": "module.staging_vpc",
      "mode": "managed",
      "type": "aws_default_route_table",
      "name": "public_routetable",
      "provider": "module.staging_vpc.provider[\"registry.terraform.io/hashicorp/aws\"]",
      "instances": [
        {
          "schema_version": 0,
          "attributes": {
            "arn": "arn:aws:ec2:eu-west-2:245182714656:route-table/rtb-0f8efaaf9199e0c07",
            "default_route_table_id": "rtb-0f8efaaf9199e0c07",
            "id": "rtb-0f8efaaf9199e0c07",
            "owner_id": "245182714656",
            "propagating_vgws": null,
            "route": [
              {
                "cidr_block": "0.0.0.0/0",
                "core_network_arn": "",
                "destination_prefix_list_id": "",
                "egress_only_gateway_id": "",
                "gateway_id": "igw-00d9132ba53074c09",
                "instance_id": "",
                "ipv6_cidr_block": "",
                "nat_gateway_id": "",
                "network_interface_id": "",
                "transit_gateway_id": "",
                "vpc_endpoint_id": "",
                "vpc_peering_connection_id": ""
              }
            ],
            "tags": {
              "Name": "tesla.staging-public_routetable"
            },
            "tags_all": {
              "Name": "tesla.staging-public_routetable"
            },
            "timeouts": null,
            "vpc_id": "vpc-0e58491558323751e"
          },
          "sensitive_attributes": [],
          "private": "eyJlMmJmYjczMC1lY2FhLTExZTYtOGY4OC0zNDM2M2JjN2M0YzAiOnsiY3JlYXRlIjoxMjAwMDAwMDAwMDAsInVwZGF0ZSI6MTIwMDAwMDAwMDAwfX0=",
          "dependencies": [
            "module.staging_vpc.aws_internet_gateway.gw",
            "module.staging_vpc.aws_vpc.vpc"
          ]
        }
      ]
    },
    {
      "module": "module.staging_vpc",
      "mode": "managed",
      "type": "aws_internet_gateway",
      "name": "gw",
      "provider": "module.staging_vpc.provider[\"registry.terraform.io/hashicorp/aws\"]",
      "instances": [
        {
          "schema_version": 0,
          "attributes": {
            "arn": "arn:aws:ec2:eu-west-2:245182714656:internet-gateway/igw-00d9132ba53074c09",
            "id": "igw-00d9132ba53074c09",
            "owner_id": "245182714656",
            "tags": {
              "Name": "tesla.staging-igw"
            },
            "tags_all": {
              "Name": "tesla.staging-igw"
            },
            "timeouts": null,
            "vpc_id": "vpc-0e58491558323751e"
          },
          "sensitive_attributes": [],
          "private": "eyJlMmJmYjczMC1lY2FhLTExZTYtOGY4OC0zNDM2M2JjN2M0YzAiOnsiY3JlYXRlIjoxMjAwMDAwMDAwMDAwLCJkZWxldGUiOjEyMDAwMDAwMDAwMDAsInVwZGF0ZSI6MTIwMDAwMDAwMDAwMH19",
          "dependencies": [
            "module.staging_vpc.aws_vpc.vpc"
          ]
        }
      ]
    },
    {
      "module": "module.staging_vpc",
      "mode": "managed",
      "type": "aws_route_table",
      "name": "private_routetable",
      "provider": "module.staging_vpc.provider[\"registry.terraform.io/hashicorp/aws\"]",
      "instances": [
        {
          "schema_version": 0,
          "attributes": {
            "arn": "arn:aws:ec2:eu-west-2:245182714656:route-table/rtb-0df7d42a3ae026260",
            "id": "rtb-0df7d42a3ae026260",
            "owner_id": "245182714656",
            "propagating_vgws": [],
            "route": [],
            "tags": {
              "Name": "tesla.staging-private_routetable"
            },
            "tags_all": {
              "Name": "tesla.staging-private_routetable"
            },
            "timeouts": null,
            "vpc_id": "vpc-0e58491558323751e"
          },
          "sensitive_attributes": [],
          "private": "eyJlMmJmYjczMC1lY2FhLTExZTYtOGY4OC0zNDM2M2JjN2M0YzAiOnsiY3JlYXRlIjozMDAwMDAwMDAwMDAsImRlbGV0ZSI6MzAwMDAwMDAwMDAwLCJ1cGRhdGUiOjEyMDAwMDAwMDAwMH19",
          "dependencies": [
            "module.staging_vpc.aws_vpc.vpc"
          ]
        }
      ]
    },
    {
      "module": "module.staging_vpc",
      "mode": "managed",
      "type": "aws_route_table_association",
      "name": "private_routetable_assoc",
      "provider": "module.staging_vpc.provider[\"registry.terraform.io/hashicorp/aws\"]",
      "instances": [
        {
          "index_key": 0,
          "schema_version": 0,
          "attributes": {
            "gateway_id": "",
            "id": "rtbassoc-0b5f5d6797d96a705",
            "route_table_id": "rtb-0df7d42a3ae026260",
            "subnet_id": "subnet-0c3147e919205cc3e"
          },
          "sensitive_attributes": [],
          "private": "bnVsbA==",
          "dependencies": [
            "module.staging_vpc.aws_route_table.private_routetable",
            "module.staging_vpc.aws_subnet.private_subnets",
            "module.staging_vpc.aws_vpc.vpc"
          ]
        },
        {
          "index_key": 1,
          "schema_version": 0,
          "attributes": {
            "gateway_id": "",
            "id": "rtbassoc-0bb22ece60d24079d",
            "route_table_id": "rtb-0df7d42a3ae026260",
            "subnet_id": "subnet-008fcdc2c73e130ad"
          },
          "sensitive_attributes": [],
          "private": "bnVsbA==",
          "dependencies": [
            "module.staging_vpc.aws_route_table.private_routetable",
            "module.staging_vpc.aws_subnet.private_subnets",
            "module.staging_vpc.aws_vpc.vpc"
          ]
        }
      ]
    },
    {
      "module": "module.staging_vpc",
      "mode": "managed",
      "type": "aws_route_table_association",
      "name": "public_routetable_assoc",
      "provider": "module.staging_vpc.provider[\"registry.terraform.io/hashicorp/aws\"]",
      "instances": [
        {
          "index_key": 0,
          "schema_version": 0,
          "attributes": {
            "gateway_id": "",
            "id": "rtbassoc-0223998e01c682596",
            "route_table_id": "rtb-0f8efaaf9199e0c07",
            "subnet_id": "subnet-021b358070655bf7b"
          },
          "sensitive_attributes": [],
          "private": "bnVsbA==",
          "dependencies": [
            "module.staging_vpc.aws_default_route_table.public_routetable",
            "module.staging_vpc.aws_internet_gateway.gw",
            "module.staging_vpc.aws_subnet.public_subnets",
            "module.staging_vpc.aws_vpc.vpc"
          ]
        },
        {
          "index_key": 1,
          "schema_version": 0,
          "attributes": {
            "gateway_id": "",
            "id": "rtbassoc-0ad92ed8489d3b3d1",
            "route_table_id": "rtb-0f8efaaf9199e0c07",
            "subnet_id": "subnet-0634182d64bce2d28"
          },
          "sensitive_attributes": [],
          "private": "bnVsbA==",
          "dependencies": [
            "module.staging_vpc.aws_default_route_table.public_routetable",
            "module.staging_vpc.aws_internet_gateway.gw",
            "module.staging_vpc.aws_subnet.public_subnets",
            "module.staging_vpc.aws_vpc.vpc"
          ]
        }
      ]
    },
    {
      "module": "module.staging_vpc",
      "mode": "managed",
      "type": "aws_subnet",
      "name": "private_subnets",
      "provider": "module.staging_vpc.provider[\"registry.terraform.io/hashicorp/aws\"]",
      "instances": [
        {
          "index_key": 0,
          "schema_version": 1,
          "attributes": {
            "arn": "arn:aws:ec2:eu-west-2:245182714656:subnet/subnet-0c3147e919205cc3e",
            "assign_ipv6_address_on_creation": false,
            "availability_zone": "eu-west-2c",
            "availability_zone_id": "euw2-az1",
            "cidr_block": "10.15.2.0/24",
            "customer_owned_ipv4_pool": "",
            "enable_dns64": false,
            "enable_resource_name_dns_a_record_on_launch": false,
            "enable_resource_name_dns_aaaa_record_on_launch": false,
            "id": "subnet-0c3147e919205cc3e",
            "ipv6_cidr_block": "",
            "ipv6_cidr_block_association_id": "",
            "ipv6_native": false,
            "map_customer_owned_ip_on_launch": false,
            "map_public_ip_on_launch": false,
            "outpost_arn": "",
            "owner_id": "245182714656",
            "private_dns_hostname_type_on_launch": "ip-name",
            "tags": {
              "Name": "tesla.staging-private _subnets.1"
            },
            "tags_all": {
              "Name": "tesla.staging-private _subnets.1"
            },
            "timeouts": null,
            "vpc_id": "vpc-0e58491558323751e"
          },
          "sensitive_attributes": [],
          "private": "eyJlMmJmYjczMC1lY2FhLTExZTYtOGY4OC0zNDM2M2JjN2M0YzAiOnsiY3JlYXRlIjo2MDAwMDAwMDAwMDAsImRlbGV0ZSI6MTIwMDAwMDAwMDAwMH0sInNjaGVtYV92ZXJzaW9uIjoiMSJ9",
          "dependencies": [
            "module.staging_vpc.aws_vpc.vpc"
          ]
        },
        {
          "index_key": 1,
          "schema_version": 1,
          "attributes": {
            "arn": "arn:aws:ec2:eu-west-2:245182714656:subnet/subnet-008fcdc2c73e130ad",
            "assign_ipv6_address_on_creation": false,
            "availability_zone": "eu-west-2a",
            "availability_zone_id": "euw2-az2",
            "cidr_block": "10.15.3.0/24",
            "customer_owned_ipv4_pool": "",
            "enable_dns64": false,
            "enable_resource_name_dns_a_record_on_launch": false,
            "enable_resource_name_dns_aaaa_record_on_launch": false,
            "id": "subnet-008fcdc2c73e130ad",
            "ipv6_cidr_block": "",
            "ipv6_cidr_block_association_id": "",
            "ipv6_native": false,
            "map_customer_owned_ip_on_launch": false,
            "map_public_ip_on_launch": false,
            "outpost_arn": "",
            "owner_id": "245182714656",
            "private_dns_hostname_type_on_launch": "ip-name",
            "tags": {
              "Name": "tesla.staging-private _subnets.2"
            },
            "tags_all": {
              "Name": "tesla.staging-private _subnets.2"
            },
            "timeouts": null,
            "vpc_id": "vpc-0e58491558323751e"
          },
          "sensitive_attributes": [],
          "private": "eyJlMmJmYjczMC1lY2FhLTExZTYtOGY4OC0zNDM2M2JjN2M0YzAiOnsiY3JlYXRlIjo2MDAwMDAwMDAwMDAsImRlbGV0ZSI6MTIwMDAwMDAwMDAwMH0sInNjaGVtYV92ZXJzaW9uIjoiMSJ9",
          "dependencies": [
            "module.staging_vpc.aws_vpc.vpc"
          ]
        }
      ]
    },
    {
      "module": "module.staging_vpc",
      "mode": "managed",
      "type": "aws_subnet",
      "name": "public_subnets",
      "provider": "module.staging_vpc.provider[\"registry.terraform.io/hashicorp/aws\"]",
      "instances": [
        {
          "index_key": 0,
          "schema_version": 1,
          "attributes": {
            "arn": "arn:aws:ec2:eu-west-2:245182714656:subnet/subnet-021b358070655bf7b",
            "assign_ipv6_address_on_creation": false,
            "availability_zone": "eu-west-2a",
            "availability_zone_id": "euw2-az2",
            "cidr_block": "10.15.0.0/24",
            "customer_owned_ipv4_pool": "",
            "enable_dns64": false,
            "enable_resource_name_dns_a_record_on_launch": false,
            "enable_resource_name_dns_aaaa_record_on_launch": false,
            "id": "subnet-021b358070655bf7b",
            "ipv6_cidr_block": "",
            "ipv6_cidr_block_association_id": "",
            "ipv6_native": false,
            "map_customer_owned_ip_on_launch": false,
            "map_public_ip_on_launch": false,
            "outpost_arn": "",
            "owner_id": "245182714656",
            "private_dns_hostname_type_on_launch": "ip-name",
            "tags": {
              "Name": "tesla.staging-public_subnets.1"
            },
            "tags_all": {
              "Name": "tesla.staging-public_subnets.1"
            },
            "timeouts": null,
            "vpc_id": "vpc-0e58491558323751e"
          },
          "sensitive_attributes": [],
          "private": "eyJlMmJmYjczMC1lY2FhLTExZTYtOGY4OC0zNDM2M2JjN2M0YzAiOnsiY3JlYXRlIjo2MDAwMDAwMDAwMDAsImRlbGV0ZSI6MTIwMDAwMDAwMDAwMH0sInNjaGVtYV92ZXJzaW9uIjoiMSJ9",
          "dependencies": [
            "module.staging_vpc.aws_vpc.vpc"
          ]
        },
        {
          "index_key": 1,
          "schema_version": 1,
          "attributes": {
            "arn": "arn:aws:ec2:eu-west-2:245182714656:subnet/subnet-0634182d64bce2d28",
            "assign_ipv6_address_on_creation": false,
            "availability_zone": "eu-west-2b",
            "availability_zone_id": "euw2-az3",
            "cidr_block": "10.15.1.0/24",
            "customer_owned_ipv4_pool": "",
            "enable_dns64": false,
            "enable_resource_name_dns_a_record_on_launch": false,
            "enable_resource_name_dns_aaaa_record_on_launch": false,
            "id": "subnet-0634182d64bce2d28",
            "ipv6_cidr_block": "",
            "ipv6_cidr_block_association_id": "",
            "ipv6_native": false,
            "map_customer_owned_ip_on_launch": false,
            "map_public_ip_on_launch": false,
            "outpost_arn": "",
            "owner_id": "245182714656",
            "private_dns_hostname_type_on_launch": "ip-name",
            "tags": {
              "Name": "tesla.staging-public_subnets.2"
            },
            "tags_all": {
              "Name": "tesla.staging-public_subnets.2"
            },
            "timeouts": null,
            "vpc_id": "vpc-0e58491558323751e"
          },
          "sensitive_attributes": [],
          "private": "eyJlMmJmYjczMC1lY2FhLTExZTYtOGY4OC0zNDM2M2JjN2M0YzAiOnsiY3JlYXRlIjo2MDAwMDAwMDAwMDAsImRlbGV0ZSI6MTIwMDAwMDAwMDAwMH0sInNjaGVtYV92ZXJzaW9uIjoiMSJ9",
          "dependencies": [
            "module.staging_vpc.aws_vpc.vpc"
          ]
        }
      ]
    },
    {
      "module": "module.staging_vpc",
      "mode": "managed",
      "type": "aws_vpc",
      "name": "vpc",
      "provider": "module.staging_vpc.provider[\"registry.terraform.io/hashicorp/aws\"]",
      "instances": [
        {
          "schema_version": 1,
          "attributes": {
            "arn": "arn:aws:ec2:eu-west-2:245182714656:vpc/vpc-0e58491558323751e",
            "assign_generated_ipv6_cidr_block": false,
            "cidr_block": "10.15.0.0/22",
            "default_network_acl_id": "acl-0ddf51949bdd2819a",
            "default_route_table_id": "rtb-0f8efaaf9199e0c07",
            "default_security_group_id": "sg-086c49c75fca5aeed",
            "dhcp_options_id": "dopt-080aebb0cf4cdc354",
            "enable_classiclink": false,
            "enable_classiclink_dns_support": false,
            "enable_dns_hostnames": false,
            "enable_dns_support": true,
            "enable_network_address_usage_metrics": false,
            "id": "vpc-0e58491558323751e",
            "instance_tenancy": "default",
            "ipv4_ipam_pool_id": null,
            "ipv4_netmask_length": null,
            "ipv6_association_id": "",
            "ipv6_cidr_block": "",
            "ipv6_cidr_block_network_border_group": "",
            "ipv6_ipam_pool_id": "",
            "ipv6_netmask_length": 0,
            "main_route_table_id": "rtb-0f8efaaf9199e0c07",
            "owner_id": "245182714656",
            "tags": {
              "Name": "tesla.staging-vpc"
            },
            "tags_all": {
              "Name": "tesla.staging-vpc"
            }
          },
          "sensitive_attributes": [],
          "private": "eyJzY2hlbWFfdmVyc2lvbiI6IjEifQ=="
        }
      ]
    }
  ],
  "check_results": null
}
