{
  "version": 4,
  "terraform_version": "1.3.4",
  "serial": 79,
  "lineage": "c6e45488-76fd-c270-c4a9-e65eb8e85974",
  "outputs": {},
  "resources": [
    {
      "module": "module.my_vpc",
      "mode": "managed",
      "type": "aws_default_route_table",
      "name": "public_routetable",
      "provider": "module.my_vpc.provider[\"registry.terraform.io/hashicorp/aws\"]",
      "instances": [
        {
          "schema_version": 0,
          "attributes": {
            "arn": "arn:aws:ec2:eu-west-2:245182714656:route-table/rtb-0ee11a262200d3aba",
            "default_route_table_id": "rtb-0ee11a262200d3aba",
            "id": "rtb-0ee11a262200d3aba",
            "owner_id": "245182714656",
            "propagating_vgws": [],
            "route": [
              {
                "cidr_block": "0.0.0.0/0",
                "core_network_arn": "",
                "destination_prefix_list_id": "",
                "egress_only_gateway_id": "",
                "gateway_id": "igw-032f1daaae33ee6f4",
                "instance_id": "",
                "ipv6_cidr_block": "",
                "nat_gateway_id": "",
                "network_interface_id": "",
                "transit_gateway_id": "",
                "vpc_endpoint_id": "",
                "vpc_peering_connection_id": ""
              }
            ],
            "tags": {
              "Name": "tesla.dev-public_routetable"
            },
            "tags_all": {
              "Name": "tesla.dev-public_routetable"
            },
            "timeouts": null,
            "vpc_id": "vpc-06e963753ecbfb6c8"
          },
          "sensitive_attributes": [],
          "private": "eyJlMmJmYjczMC1lY2FhLTExZTYtOGY4OC0zNDM2M2JjN2M0YzAiOnsiY3JlYXRlIjoxMjAwMDAwMDAwMDAsInVwZGF0ZSI6MTIwMDAwMDAwMDAwfX0=",
          "dependencies": [
            "module.my_vpc.aws_internet_gateway.gw",
            "module.my_vpc.aws_vpc.vpc"
          ]
        }
      ]
    },
    {
      "module": "module.my_vpc",
      "mode": "managed",
      "type": "aws_internet_gateway",
      "name": "gw",
      "provider": "module.my_vpc.provider[\"registry.terraform.io/hashicorp/aws\"]",
      "instances": [
        {
          "schema_version": 0,
          "attributes": {
            "arn": "arn:aws:ec2:eu-west-2:245182714656:internet-gateway/igw-032f1daaae33ee6f4",
            "id": "igw-032f1daaae33ee6f4",
            "owner_id": "245182714656",
            "tags": {
              "Name": "tesla.dev-igw"
            },
            "tags_all": {
              "Name": "tesla.dev-igw"
            },
            "timeouts": null,
            "vpc_id": "vpc-06e963753ecbfb6c8"
          },
          "sensitive_attributes": [],
          "private": "eyJlMmJmYjczMC1lY2FhLTExZTYtOGY4OC0zNDM2M2JjN2M0YzAiOnsiY3JlYXRlIjoxMjAwMDAwMDAwMDAwLCJkZWxldGUiOjEyMDAwMDAwMDAwMDAsInVwZGF0ZSI6MTIwMDAwMDAwMDAwMH19",
          "dependencies": [
            "module.my_vpc.aws_vpc.vpc"
          ]
        }
      ]
    },
    {
      "module": "module.my_vpc",
      "mode": "managed",
      "type": "aws_route_table",
      "name": "private_routetable",
      "provider": "module.my_vpc.provider[\"registry.terraform.io/hashicorp/aws\"]",
      "instances": [
        {
          "schema_version": 0,
          "attributes": {
            "arn": "arn:aws:ec2:eu-west-2:245182714656:route-table/rtb-03bcb77ded34fb8b2",
            "id": "rtb-03bcb77ded34fb8b2",
            "owner_id": "245182714656",
            "propagating_vgws": [],
            "route": [],
            "tags": {
              "Name": "tesla.dev-private_routetable"
            },
            "tags_all": {
              "Name": "tesla.dev-private_routetable"
            },
            "timeouts": null,
            "vpc_id": "vpc-06e963753ecbfb6c8"
          },
          "sensitive_attributes": [],
          "private": "eyJlMmJmYjczMC1lY2FhLTExZTYtOGY4OC0zNDM2M2JjN2M0YzAiOnsiY3JlYXRlIjozMDAwMDAwMDAwMDAsImRlbGV0ZSI6MzAwMDAwMDAwMDAwLCJ1cGRhdGUiOjEyMDAwMDAwMDAwMH19",
          "dependencies": [
            "module.my_vpc.aws_vpc.vpc"
          ]
        }
      ]
    },
    {
      "module": "module.my_vpc",
      "mode": "managed",
      "type": "aws_route_table_association",
      "name": "private_routetable_assoc",
      "provider": "module.my_vpc.provider[\"registry.terraform.io/hashicorp/aws\"]",
      "instances": [
        {
          "index_key": 0,
          "schema_version": 0,
          "attributes": {
            "gateway_id": "",
            "id": "rtbassoc-00512f803aa216d44",
            "route_table_id": "rtb-03bcb77ded34fb8b2",
            "subnet_id": "subnet-061a05e6b1a47fd29"
          },
          "sensitive_attributes": [],
          "private": "bnVsbA==",
          "dependencies": [
            "module.my_vpc.aws_route_table.private_routetable",
            "module.my_vpc.aws_subnet.private_subnets",
            "module.my_vpc.aws_vpc.vpc"
          ]
        },
        {
          "index_key": 1,
          "schema_version": 0,
          "attributes": {
            "gateway_id": "",
            "id": "rtbassoc-02ab0f29870878eba",
            "route_table_id": "rtb-03bcb77ded34fb8b2",
            "subnet_id": "subnet-0e8e814753ef09f37"
          },
          "sensitive_attributes": [],
          "private": "bnVsbA==",
          "dependencies": [
            "module.my_vpc.aws_route_table.private_routetable",
            "module.my_vpc.aws_subnet.private_subnets",
            "module.my_vpc.aws_vpc.vpc"
          ]
        },
        {
          "index_key": 2,
          "schema_version": 0,
          "attributes": {
            "gateway_id": "",
            "id": "rtbassoc-058ca5323661a67c7",
            "route_table_id": "rtb-03bcb77ded34fb8b2",
            "subnet_id": "subnet-008d23ffa1bfa882e"
          },
          "sensitive_attributes": [],
          "private": "bnVsbA==",
          "dependencies": [
            "module.my_vpc.aws_route_table.private_routetable",
            "module.my_vpc.aws_subnet.private_subnets",
            "module.my_vpc.aws_vpc.vpc"
          ]
        }
      ]
    },
    {
      "module": "module.my_vpc",
      "mode": "managed",
      "type": "aws_route_table_association",
      "name": "public_routetable_assoc",
      "provider": "module.my_vpc.provider[\"registry.terraform.io/hashicorp/aws\"]",
      "instances": [
        {
          "index_key": 0,
          "schema_version": 0,
          "attributes": {
            "gateway_id": "",
            "id": "rtbassoc-011764691a7dc059e",
            "route_table_id": "rtb-0ee11a262200d3aba",
            "subnet_id": "subnet-0e94e8ab43f258022"
          },
          "sensitive_attributes": [],
          "private": "bnVsbA==",
          "dependencies": [
            "module.my_vpc.aws_default_route_table.public_routetable",
            "module.my_vpc.aws_internet_gateway.gw",
            "module.my_vpc.aws_subnet.public_subnets",
            "module.my_vpc.aws_vpc.vpc"
          ]
        },
        {
          "index_key": 1,
          "schema_version": 0,
          "attributes": {
            "gateway_id": "",
            "id": "rtbassoc-03875690fbfcfd81a",
            "route_table_id": "rtb-0ee11a262200d3aba",
            "subnet_id": "subnet-018aec8846a323fb1"
          },
          "sensitive_attributes": [],
          "private": "bnVsbA==",
          "dependencies": [
            "module.my_vpc.aws_default_route_table.public_routetable",
            "module.my_vpc.aws_internet_gateway.gw",
            "module.my_vpc.aws_subnet.public_subnets",
            "module.my_vpc.aws_vpc.vpc"
          ]
        },
        {
          "index_key": 2,
          "schema_version": 0,
          "attributes": {
            "gateway_id": "",
            "id": "rtbassoc-03f4467ebf99f7cfe",
            "route_table_id": "rtb-0ee11a262200d3aba",
            "subnet_id": "subnet-03fcbdb35da8d5222"
          },
          "sensitive_attributes": [],
          "private": "bnVsbA==",
          "dependencies": [
            "module.my_vpc.aws_default_route_table.public_routetable",
            "module.my_vpc.aws_internet_gateway.gw",
            "module.my_vpc.aws_subnet.public_subnets",
            "module.my_vpc.aws_vpc.vpc"
          ]
        }
      ]
    },
    {
      "module": "module.my_vpc",
      "mode": "managed",
      "type": "aws_subnet",
      "name": "private_subnets",
      "provider": "module.my_vpc.provider[\"registry.terraform.io/hashicorp/aws\"]",
      "instances": [
        {
          "index_key": 0,
          "schema_version": 1,
          "attributes": {
            "arn": "arn:aws:ec2:eu-west-2:245182714656:subnet/subnet-061a05e6b1a47fd29",
            "assign_ipv6_address_on_creation": false,
            "availability_zone": "eu-west-2c",
            "availability_zone_id": "euw2-az1",
            "cidr_block": "10.0.3.0/28",
            "customer_owned_ipv4_pool": "",
            "enable_dns64": false,
            "enable_resource_name_dns_a_record_on_launch": false,
            "enable_resource_name_dns_aaaa_record_on_launch": false,
            "id": "subnet-061a05e6b1a47fd29",
            "ipv6_cidr_block": "",
            "ipv6_cidr_block_association_id": "",
            "ipv6_native": false,
            "map_customer_owned_ip_on_launch": false,
            "map_public_ip_on_launch": false,
            "outpost_arn": "",
            "owner_id": "245182714656",
            "private_dns_hostname_type_on_launch": "ip-name",
            "tags": {
              "Name": "tesla.dev-private _subnets.1"
            },
            "tags_all": {
              "Name": "tesla.dev-private _subnets.1"
            },
            "timeouts": null,
            "vpc_id": "vpc-06e963753ecbfb6c8"
          },
          "sensitive_attributes": [],
          "private": "eyJlMmJmYjczMC1lY2FhLTExZTYtOGY4OC0zNDM2M2JjN2M0YzAiOnsiY3JlYXRlIjo2MDAwMDAwMDAwMDAsImRlbGV0ZSI6MTIwMDAwMDAwMDAwMH0sInNjaGVtYV92ZXJzaW9uIjoiMSJ9",
          "dependencies": [
            "module.my_vpc.aws_vpc.vpc"
          ]
        },
        {
          "index_key": 1,
          "schema_version": 1,
          "attributes": {
            "arn": "arn:aws:ec2:eu-west-2:245182714656:subnet/subnet-0e8e814753ef09f37",
            "assign_ipv6_address_on_creation": false,
            "availability_zone": "eu-west-2a",
            "availability_zone_id": "euw2-az2",
            "cidr_block": "10.0.4.0/28",
            "customer_owned_ipv4_pool": "",
            "enable_dns64": false,
            "enable_resource_name_dns_a_record_on_launch": false,
            "enable_resource_name_dns_aaaa_record_on_launch": false,
            "id": "subnet-0e8e814753ef09f37",
            "ipv6_cidr_block": "",
            "ipv6_cidr_block_association_id": "",
            "ipv6_native": false,
            "map_customer_owned_ip_on_launch": false,
            "map_public_ip_on_launch": false,
            "outpost_arn": "",
            "owner_id": "245182714656",
            "private_dns_hostname_type_on_launch": "ip-name",
            "tags": {
              "Name": "tesla.dev-private _subnets.2"
            },
            "tags_all": {
              "Name": "tesla.dev-private _subnets.2"
            },
            "timeouts": null,
            "vpc_id": "vpc-06e963753ecbfb6c8"
          },
          "sensitive_attributes": [],
          "private": "eyJlMmJmYjczMC1lY2FhLTExZTYtOGY4OC0zNDM2M2JjN2M0YzAiOnsiY3JlYXRlIjo2MDAwMDAwMDAwMDAsImRlbGV0ZSI6MTIwMDAwMDAwMDAwMH0sInNjaGVtYV92ZXJzaW9uIjoiMSJ9",
          "dependencies": [
            "module.my_vpc.aws_vpc.vpc"
          ]
        },
        {
          "index_key": 2,
          "schema_version": 1,
          "attributes": {
            "arn": "arn:aws:ec2:eu-west-2:245182714656:subnet/subnet-008d23ffa1bfa882e",
            "assign_ipv6_address_on_creation": false,
            "availability_zone": "eu-west-2b",
            "availability_zone_id": "euw2-az3",
            "cidr_block": "10.0.6.0/28",
            "customer_owned_ipv4_pool": "",
            "enable_dns64": false,
            "enable_resource_name_dns_a_record_on_launch": false,
            "enable_resource_name_dns_aaaa_record_on_launch": false,
            "id": "subnet-008d23ffa1bfa882e",
            "ipv6_cidr_block": "",
            "ipv6_cidr_block_association_id": "",
            "ipv6_native": false,
            "map_customer_owned_ip_on_launch": false,
            "map_public_ip_on_launch": false,
            "outpost_arn": "",
            "owner_id": "245182714656",
            "private_dns_hostname_type_on_launch": "ip-name",
            "tags": {
              "Name": "tesla.dev-private _subnets.3"
            },
            "tags_all": {
              "Name": "tesla.dev-private _subnets.3"
            },
            "timeouts": null,
            "vpc_id": "vpc-06e963753ecbfb6c8"
          },
          "sensitive_attributes": [],
          "private": "eyJlMmJmYjczMC1lY2FhLTExZTYtOGY4OC0zNDM2M2JjN2M0YzAiOnsiY3JlYXRlIjo2MDAwMDAwMDAwMDAsImRlbGV0ZSI6MTIwMDAwMDAwMDAwMH0sInNjaGVtYV92ZXJzaW9uIjoiMSJ9",
          "dependencies": [
            "module.my_vpc.aws_vpc.vpc"
          ]
        }
      ]
    },
    {
      "module": "module.my_vpc",
      "mode": "managed",
      "type": "aws_subnet",
      "name": "public_subnets",
      "provider": "module.my_vpc.provider[\"registry.terraform.io/hashicorp/aws\"]",
      "instances": [
        {
          "index_key": 0,
          "schema_version": 1,
          "attributes": {
            "arn": "arn:aws:ec2:eu-west-2:245182714656:subnet/subnet-0e94e8ab43f258022",
            "assign_ipv6_address_on_creation": false,
            "availability_zone": "eu-west-2a",
            "availability_zone_id": "euw2-az2",
            "cidr_block": "10.0.1.0/28",
            "customer_owned_ipv4_pool": "",
            "enable_dns64": false,
            "enable_resource_name_dns_a_record_on_launch": false,
            "enable_resource_name_dns_aaaa_record_on_launch": false,
            "id": "subnet-0e94e8ab43f258022",
            "ipv6_cidr_block": "",
            "ipv6_cidr_block_association_id": "",
            "ipv6_native": false,
            "map_customer_owned_ip_on_launch": false,
            "map_public_ip_on_launch": false,
            "outpost_arn": "",
            "owner_id": "245182714656",
            "private_dns_hostname_type_on_launch": "ip-name",
            "tags": {
              "Name": "tesla.dev-public_subnets.1"
            },
            "tags_all": {
              "Name": "tesla.dev-public_subnets.1"
            },
            "timeouts": null,
            "vpc_id": "vpc-06e963753ecbfb6c8"
          },
          "sensitive_attributes": [],
          "private": "eyJlMmJmYjczMC1lY2FhLTExZTYtOGY4OC0zNDM2M2JjN2M0YzAiOnsiY3JlYXRlIjo2MDAwMDAwMDAwMDAsImRlbGV0ZSI6MTIwMDAwMDAwMDAwMH0sInNjaGVtYV92ZXJzaW9uIjoiMSJ9",
          "dependencies": [
            "module.my_vpc.aws_vpc.vpc"
          ]
        },
        {
          "index_key": 1,
          "schema_version": 1,
          "attributes": {
            "arn": "arn:aws:ec2:eu-west-2:245182714656:subnet/subnet-018aec8846a323fb1",
            "assign_ipv6_address_on_creation": false,
            "availability_zone": "eu-west-2b",
            "availability_zone_id": "euw2-az3",
            "cidr_block": "10.0.2.0/28",
            "customer_owned_ipv4_pool": "",
            "enable_dns64": false,
            "enable_resource_name_dns_a_record_on_launch": false,
            "enable_resource_name_dns_aaaa_record_on_launch": false,
            "id": "subnet-018aec8846a323fb1",
            "ipv6_cidr_block": "",
            "ipv6_cidr_block_association_id": "",
            "ipv6_native": false,
            "map_customer_owned_ip_on_launch": false,
            "map_public_ip_on_launch": false,
            "outpost_arn": "",
            "owner_id": "245182714656",
            "private_dns_hostname_type_on_launch": "ip-name",
            "tags": {
              "Name": "tesla.dev-public_subnets.2"
            },
            "tags_all": {
              "Name": "tesla.dev-public_subnets.2"
            },
            "timeouts": null,
            "vpc_id": "vpc-06e963753ecbfb6c8"
          },
          "sensitive_attributes": [],
          "private": "eyJlMmJmYjczMC1lY2FhLTExZTYtOGY4OC0zNDM2M2JjN2M0YzAiOnsiY3JlYXRlIjo2MDAwMDAwMDAwMDAsImRlbGV0ZSI6MTIwMDAwMDAwMDAwMH0sInNjaGVtYV92ZXJzaW9uIjoiMSJ9",
          "dependencies": [
            "module.my_vpc.aws_vpc.vpc"
          ]
        },
        {
          "index_key": 2,
          "schema_version": 1,
          "attributes": {
            "arn": "arn:aws:ec2:eu-west-2:245182714656:subnet/subnet-03fcbdb35da8d5222",
            "assign_ipv6_address_on_creation": false,
            "availability_zone": "eu-west-2c",
            "availability_zone_id": "euw2-az1",
            "cidr_block": "10.0.5.0/28",
            "customer_owned_ipv4_pool": "",
            "enable_dns64": false,
            "enable_resource_name_dns_a_record_on_launch": false,
            "enable_resource_name_dns_aaaa_record_on_launch": false,
            "id": "subnet-03fcbdb35da8d5222",
            "ipv6_cidr_block": "",
            "ipv6_cidr_block_association_id": "",
            "ipv6_native": false,
            "map_customer_owned_ip_on_launch": false,
            "map_public_ip_on_launch": false,
            "outpost_arn": "",
            "owner_id": "245182714656",
            "private_dns_hostname_type_on_launch": "ip-name",
            "tags": {
              "Name": "tesla.dev-public_subnets.3"
            },
            "tags_all": {
              "Name": "tesla.dev-public_subnets.3"
            },
            "timeouts": null,
            "vpc_id": "vpc-06e963753ecbfb6c8"
          },
          "sensitive_attributes": [],
          "private": "eyJlMmJmYjczMC1lY2FhLTExZTYtOGY4OC0zNDM2M2JjN2M0YzAiOnsiY3JlYXRlIjo2MDAwMDAwMDAwMDAsImRlbGV0ZSI6MTIwMDAwMDAwMDAwMH0sInNjaGVtYV92ZXJzaW9uIjoiMSJ9",
          "dependencies": [
            "module.my_vpc.aws_vpc.vpc"
          ]
        }
      ]
    },
    {
      "module": "module.my_vpc",
      "mode": "managed",
      "type": "aws_vpc",
      "name": "vpc",
      "provider": "module.my_vpc.provider[\"registry.terraform.io/hashicorp/aws\"]",
      "instances": [
        {
          "schema_version": 1,
          "attributes": {
            "arn": "arn:aws:ec2:eu-west-2:245182714656:vpc/vpc-06e963753ecbfb6c8",
            "assign_generated_ipv6_cidr_block": false,
            "cidr_block": "10.0.0.0/16",
            "default_network_acl_id": "acl-034acac2c6b3bb8c4",
            "default_route_table_id": "rtb-0ee11a262200d3aba",
            "default_security_group_id": "sg-0294fecf4219909d9",
            "dhcp_options_id": "dopt-080aebb0cf4cdc354",
            "enable_classiclink": false,
            "enable_classiclink_dns_support": false,
            "enable_dns_hostnames": false,
            "enable_dns_support": true,
            "enable_network_address_usage_metrics": false,
            "id": "vpc-06e963753ecbfb6c8",
            "instance_tenancy": "default",
            "ipv4_ipam_pool_id": null,
            "ipv4_netmask_length": null,
            "ipv6_association_id": "",
            "ipv6_cidr_block": "",
            "ipv6_cidr_block_network_border_group": "",
            "ipv6_ipam_pool_id": "",
            "ipv6_netmask_length": 0,
            "main_route_table_id": "rtb-0ee11a262200d3aba",
            "owner_id": "245182714656",
            "tags": {
              "Name": "tesla.dev-vpc"
            },
            "tags_all": {
              "Name": "tesla.dev-vpc"
            }
          },
          "sensitive_attributes": [],
          "private": "eyJzY2hlbWFfdmVyc2lvbiI6IjEifQ=="
        }
      ]
    },
    {
      "module": "module.staging_vpc",
      "mode": "managed",
      "type": "aws_default_route_table",
      "name": "public_routetable",
      "provider": "module.staging_vpc.provider[\"registry.terraform.io/hashicorp/aws\"]",
      "instances": [
        {
          "schema_version": 0,
          "attributes": {
            "arn": "arn:aws:ec2:eu-west-2:245182714656:route-table/rtb-06f9bc89b75790b18",
            "default_route_table_id": "rtb-06f9bc89b75790b18",
            "id": "rtb-06f9bc89b75790b18",
            "owner_id": "245182714656",
            "propagating_vgws": [],
            "route": [
              {
                "cidr_block": "0.0.0.0/0",
                "core_network_arn": "",
                "destination_prefix_list_id": "",
                "egress_only_gateway_id": "",
                "gateway_id": "igw-0ce3589f7923f098f",
                "instance_id": "",
                "ipv6_cidr_block": "",
                "nat_gateway_id": "",
                "network_interface_id": "",
                "transit_gateway_id": "",
                "vpc_endpoint_id": "",
                "vpc_peering_connection_id": ""
              }
            ],
            "tags": {
              "Name": "tesla.dev-public_routetable"
            },
            "tags_all": {
              "Name": "tesla.dev-public_routetable"
            },
            "timeouts": null,
            "vpc_id": "vpc-0416b1ad60c931e4e"
          },
          "sensitive_attributes": [],
          "private": "eyJlMmJmYjczMC1lY2FhLTExZTYtOGY4OC0zNDM2M2JjN2M0YzAiOnsiY3JlYXRlIjoxMjAwMDAwMDAwMDAsInVwZGF0ZSI6MTIwMDAwMDAwMDAwfX0=",
          "dependencies": [
            "module.staging_vpc.aws_internet_gateway.gw",
            "module.staging_vpc.aws_vpc.vpc"
          ]
        }
      ]
    },
    {
      "module": "module.staging_vpc",
      "mode": "managed",
      "type": "aws_internet_gateway",
      "name": "gw",
      "provider": "module.staging_vpc.provider[\"registry.terraform.io/hashicorp/aws\"]",
      "instances": [
        {
          "schema_version": 0,
          "attributes": {
            "arn": "arn:aws:ec2:eu-west-2:245182714656:internet-gateway/igw-0ce3589f7923f098f",
            "id": "igw-0ce3589f7923f098f",
            "owner_id": "245182714656",
            "tags": {
              "Name": "tesla.dev-igw"
            },
            "tags_all": {
              "Name": "tesla.dev-igw"
            },
            "timeouts": null,
            "vpc_id": "vpc-0416b1ad60c931e4e"
          },
          "sensitive_attributes": [],
          "private": "eyJlMmJmYjczMC1lY2FhLTExZTYtOGY4OC0zNDM2M2JjN2M0YzAiOnsiY3JlYXRlIjoxMjAwMDAwMDAwMDAwLCJkZWxldGUiOjEyMDAwMDAwMDAwMDAsInVwZGF0ZSI6MTIwMDAwMDAwMDAwMH19",
          "dependencies": [
            "module.staging_vpc.aws_vpc.vpc"
          ]
        }
      ]
    },
    {
      "module": "module.staging_vpc",
      "mode": "managed",
      "type": "aws_route_table",
      "name": "private_routetable",
      "provider": "module.staging_vpc.provider[\"registry.terraform.io/hashicorp/aws\"]",
      "instances": [
        {
          "schema_version": 0,
          "attributes": {
            "arn": "arn:aws:ec2:eu-west-2:245182714656:route-table/rtb-034c7d31760502e68",
            "id": "rtb-034c7d31760502e68",
            "owner_id": "245182714656",
            "propagating_vgws": [],
            "route": [],
            "tags": {
              "Name": "tesla.dev-private_routetable"
            },
            "tags_all": {
              "Name": "tesla.dev-private_routetable"
            },
            "timeouts": null,
            "vpc_id": "vpc-0416b1ad60c931e4e"
          },
          "sensitive_attributes": [],
          "private": "eyJlMmJmYjczMC1lY2FhLTExZTYtOGY4OC0zNDM2M2JjN2M0YzAiOnsiY3JlYXRlIjozMDAwMDAwMDAwMDAsImRlbGV0ZSI6MzAwMDAwMDAwMDAwLCJ1cGRhdGUiOjEyMDAwMDAwMDAwMH19",
          "dependencies": [
            "module.staging_vpc.aws_vpc.vpc"
          ]
        }
      ]
    },
    {
      "module": "module.staging_vpc",
      "mode": "managed",
      "type": "aws_route_table_association",
      "name": "private_routetable_assoc",
      "provider": "module.staging_vpc.provider[\"registry.terraform.io/hashicorp/aws\"]",
      "instances": []
    },
    {
      "module": "module.staging_vpc",
      "mode": "managed",
      "type": "aws_route_table_association",
      "name": "public_routetable_assoc",
      "provider": "module.staging_vpc.provider[\"registry.terraform.io/hashicorp/aws\"]",
      "instances": [
        {
          "index_key": 0,
          "schema_version": 0,
          "attributes": {
            "gateway_id": "",
            "id": "rtbassoc-0ed8f52bb85e6c7da",
            "route_table_id": "rtb-06f9bc89b75790b18",
            "subnet_id": "subnet-052653c1085362aac"
          },
          "sensitive_attributes": [],
          "private": "bnVsbA==",
          "dependencies": [
            "module.staging_vpc.aws_default_route_table.public_routetable",
            "module.staging_vpc.aws_subnet.public_subnets",
            "module.staging_vpc.aws_vpc.vpc"
          ]
        },
        {
          "index_key": 1,
          "schema_version": 0,
          "attributes": {
            "gateway_id": "",
            "id": "rtbassoc-01a453a7392abc369",
            "route_table_id": "rtb-06f9bc89b75790b18",
            "subnet_id": "subnet-0a5310d7c91d0b01c"
          },
          "sensitive_attributes": [],
          "private": "bnVsbA==",
          "dependencies": [
            "module.staging_vpc.aws_default_route_table.public_routetable",
            "module.staging_vpc.aws_subnet.public_subnets",
            "module.staging_vpc.aws_vpc.vpc"
          ]
        }
      ]
    },
    {
      "module": "module.staging_vpc",
      "mode": "managed",
      "type": "aws_subnet",
      "name": "public_subnets",
      "provider": "module.staging_vpc.provider[\"registry.terraform.io/hashicorp/aws\"]",
      "instances": [
        {
          "index_key": 0,
          "schema_version": 1,
          "attributes": {
            "arn": "arn:aws:ec2:eu-west-2:245182714656:subnet/subnet-052653c1085362aac",
            "assign_ipv6_address_on_creation": false,
            "availability_zone": "eu-west-2a",
            "availability_zone_id": "euw2-az2",
            "cidr_block": "10.15.0.0/24",
            "customer_owned_ipv4_pool": "",
            "enable_dns64": false,
            "enable_resource_name_dns_a_record_on_launch": false,
            "enable_resource_name_dns_aaaa_record_on_launch": false,
            "id": "subnet-052653c1085362aac",
            "ipv6_cidr_block": "",
            "ipv6_cidr_block_association_id": "",
            "ipv6_native": false,
            "map_customer_owned_ip_on_launch": false,
            "map_public_ip_on_launch": false,
            "outpost_arn": "",
            "owner_id": "245182714656",
            "private_dns_hostname_type_on_launch": "ip-name",
            "tags": {
              "Name": "tesla.dev-public_subnets.1"
            },
            "tags_all": {
              "Name": "tesla.dev-public_subnets.1"
            },
            "timeouts": null,
            "vpc_id": "vpc-0416b1ad60c931e4e"
          },
          "sensitive_attributes": [],
          "private": "eyJlMmJmYjczMC1lY2FhLTExZTYtOGY4OC0zNDM2M2JjN2M0YzAiOnsiY3JlYXRlIjo2MDAwMDAwMDAwMDAsImRlbGV0ZSI6MTIwMDAwMDAwMDAwMH0sInNjaGVtYV92ZXJzaW9uIjoiMSJ9",
          "dependencies": [
            "module.staging_vpc.aws_vpc.vpc"
          ]
        },
        {
          "index_key": 1,
          "schema_version": 1,
          "attributes": {
            "arn": "arn:aws:ec2:eu-west-2:245182714656:subnet/subnet-0a5310d7c91d0b01c",
            "assign_ipv6_address_on_creation": false,
            "availability_zone": "eu-west-2b",
            "availability_zone_id": "euw2-az3",
            "cidr_block": "10.15.1.0/24",
            "customer_owned_ipv4_pool": "",
            "enable_dns64": false,
            "enable_resource_name_dns_a_record_on_launch": false,
            "enable_resource_name_dns_aaaa_record_on_launch": false,
            "id": "subnet-0a5310d7c91d0b01c",
            "ipv6_cidr_block": "",
            "ipv6_cidr_block_association_id": "",
            "ipv6_native": false,
            "map_customer_owned_ip_on_launch": false,
            "map_public_ip_on_launch": false,
            "outpost_arn": "",
            "owner_id": "245182714656",
            "private_dns_hostname_type_on_launch": "ip-name",
            "tags": {
              "Name": "tesla.dev-public_subnets.2"
            },
            "tags_all": {
              "Name": "tesla.dev-public_subnets.2"
            },
            "timeouts": null,
            "vpc_id": "vpc-0416b1ad60c931e4e"
          },
          "sensitive_attributes": [],
          "private": "eyJlMmJmYjczMC1lY2FhLTExZTYtOGY4OC0zNDM2M2JjN2M0YzAiOnsiY3JlYXRlIjo2MDAwMDAwMDAwMDAsImRlbGV0ZSI6MTIwMDAwMDAwMDAwMH0sInNjaGVtYV92ZXJzaW9uIjoiMSJ9",
          "dependencies": [
            "module.staging_vpc.aws_vpc.vpc"
          ]
        }
      ]
    },
    {
      "module": "module.staging_vpc",
      "mode": "managed",
      "type": "aws_vpc",
      "name": "vpc",
      "provider": "module.staging_vpc.provider[\"registry.terraform.io/hashicorp/aws\"]",
      "instances": [
        {
          "schema_version": 1,
          "attributes": {
            "arn": "arn:aws:ec2:eu-west-2:245182714656:vpc/vpc-0416b1ad60c931e4e",
            "assign_generated_ipv6_cidr_block": false,
            "cidr_block": "10.15.0.0/22",
            "default_network_acl_id": "acl-05ccaf44543bdf820",
            "default_route_table_id": "rtb-06f9bc89b75790b18",
            "default_security_group_id": "sg-0258a73f108b5c530",
            "dhcp_options_id": "dopt-080aebb0cf4cdc354",
            "enable_classiclink": false,
            "enable_classiclink_dns_support": false,
            "enable_dns_hostnames": false,
            "enable_dns_support": true,
            "enable_network_address_usage_metrics": false,
            "id": "vpc-0416b1ad60c931e4e",
            "instance_tenancy": "default",
            "ipv4_ipam_pool_id": null,
            "ipv4_netmask_length": null,
            "ipv6_association_id": "",
            "ipv6_cidr_block": "",
            "ipv6_cidr_block_network_border_group": "",
            "ipv6_ipam_pool_id": "",
            "ipv6_netmask_length": 0,
            "main_route_table_id": "rtb-06f9bc89b75790b18",
            "owner_id": "245182714656",
            "tags": {
              "Name": "tesla.dev-vpc"
            },
            "tags_all": {
              "Name": "tesla.dev-vpc"
            }
          },
          "sensitive_attributes": [],
          "private": "eyJzY2hlbWFfdmVyc2lvbiI6IjEifQ=="
        }
      ]
    }
  ],
  "check_results": null
}
